{
  "name": "copilot-cli-flake",
  "version": "1.0.0",
  "lockfileVersion": 3,
  "requires": true,
  "packages": {
    "": {
      "name": "copilot-cli-flake",
      "version": "1.0.0",
      "license": "ISC",
      "dependencies": {
        "@github/copilot": "^0.0.370"
      }
    },
    "node_modules/@github/copilot": {
      "version": "0.0.370",
      "resolved": "https://registry.npmjs.org/@github/copilot/-/copilot-0.0.370.tgz",
      "integrity": "sha512-QT2Eswloh3IPjYKkGy7mN6S+9IVMaozhbtV0/bhQouk6FQqIVrzhO1OULczqGo0SD1zkkl0aT/GaCwSgni0CjA==",
      "license": "SEE LICENSE IN LICENSE.md",
      "bin": {
        "copilot": "npm-loader.js"
      },
      "engines": {
        "node": ">=22"
      },
      "optionalDependencies": {
        "@github/copilot-darwin-arm64": "0.0.370",
        "@github/copilot-darwin-x64": "0.0.370",
        "@github/copilot-linux-arm64": "0.0.370",
        "@github/copilot-linux-x64": "0.0.370"
      }
    },
    "node_modules/@github/copilot-darwin-arm64": {
      "version": "0.0.370",
      "resolved": "https://registry.npmjs.org/@github/copilot-darwin-arm64/-/copilot-darwin-arm64-0.0.370.tgz",
      "integrity": "sha512-wIMxgigSIFa2vQKx2fumCkwgP7Q98Uje2PT/jKllefrC7Rl6SZdTYPqj0XpOT9XOZsVYmvEi+nPvS+wS9H2EjA==",
      "cpu": [
        "arm64"
      ],
      "license": "SEE LICENSE IN LICENSE.md",
      "optional": true,
      "os": [
        "darwin"
      ],
      "bin": {
        "copilot-darwin-arm64": "copilot"
      }
    },
    "node_modules/@github/copilot-darwin-x64": {
      "version": "0.0.370",
      "resolved": "https://registry.npmjs.org/@github/copilot-darwin-x64/-/copilot-darwin-x64-0.0.370.tgz",
      "integrity": "sha512-BVEpd94zdkXC98J0TJWMcpXRQ1i23XQuMQ7YvlrQ0H0xlDTphUvOZccZIASshN0LAXs8QDKuRuPxPI7x39KUkQ==",
      "cpu": [
        "x64"
      ],
      "license": "SEE LICENSE IN LICENSE.md",
      "optional": true,
      "os": [
        "darwin"
      ],
      "bin": {
        "copilot-darwin-x64": "copilot"
      }
    },
    "node_modules/@github/copilot-linux-arm64": {
      "version": "0.0.370",
      "resolved": "https://registry.npmjs.org/@github/copilot-linux-arm64/-/copilot-linux-arm64-0.0.370.tgz",
      "integrity": "sha512-CDVQzKJQhJ+5FPHcGMTfCJY0KEew3Pl+LnCpGuohRAA2HEw/Ar+9gy/hTappTmVRhG846jXd5zLzVfAxUzLF/g==",
      "cpu": [
        "arm64"
      ],
      "license": "SEE LICENSE IN LICENSE.md",
      "optional": true,
      "os": [
        "linux"
      ],
      "bin": {
        "copilot-linux-arm64": "copilot"
      }
    },
    "node_modules/@github/copilot-linux-x64": {
      "version": "0.0.370",
      "resolved": "https://registry.npmjs.org/@github/copilot-linux-x64/-/copilot-linux-x64-0.0.370.tgz",
      "integrity": "sha512-wgXTMJTols+zsKDPFDyKhJsZv0cnhCrMxUW2uLMiKaTdnSUzTiMc/tzvuxOoN6T/oQogkzOB46zwkvZ47oPmlg==",
      "cpu": [
        "x64"
      ],
      "license": "SEE LICENSE IN LICENSE.md",
      "optional": true,
      "os": [
        "linux"
      ],
      "bin": {
        "copilot-linux-x64": "copilot"
      }
    }
  }
}
