{
  "name": "copilot-cli-flake",
  "version": "1.0.0",
  "lockfileVersion": 3,
  "requires": true,
  "packages": {
    "": {
      "name": "copilot-cli-flake",
      "version": "1.0.0",
      "license": "ISC",
      "dependencies": {
        "@github/copilot": "^0.0.372"
      }
    },
    "node_modules/@github/copilot": {
      "version": "0.0.372",
      "resolved": "https://registry.npmjs.org/@github/copilot/-/copilot-0.0.372.tgz",
      "integrity": "sha512-epuWLH4tPrAcTkVepW/0aYi24IJt0IpVyBeKTmM8WsctjLyiXmaWeVd9Y9mGlANWJe6OiGLeUPWbHeMtR/6P+w==",
      "license": "SEE LICENSE IN LICENSE.md",
      "bin": {
        "copilot": "npm-loader.js"
      },
      "engines": {
        "node": ">=22"
      },
      "optionalDependencies": {
        "@github/copilot-darwin-arm64": "0.0.372",
        "@github/copilot-darwin-x64": "0.0.372",
        "@github/copilot-linux-arm64": "0.0.372",
        "@github/copilot-linux-x64": "0.0.372",
        "@github/copilot-win32-arm64": "0.0.372",
        "@github/copilot-win32-x64": "0.0.372"
      }
    },
    "node_modules/@github/copilot-darwin-arm64": {
      "version": "0.0.372",
      "resolved": "https://registry.npmjs.org/@github/copilot-darwin-arm64/-/copilot-darwin-arm64-0.0.372.tgz",
      "integrity": "sha512-LHZgcGiP1YxUve4XNdYm917rz6KIFMafqsCfUmBCyYhXcfTkmtfvTkf0JmSY6qIGhKqj7K3kDfst+xYzCz1fgw==",
      "cpu": [
        "arm64"
      ],
      "license": "SEE LICENSE IN LICENSE.md",
      "optional": true,
      "os": [
        "darwin"
      ],
      "bin": {
        "copilot-darwin-arm64": "copilot"
      }
    },
    "node_modules/@github/copilot-darwin-x64": {
      "version": "0.0.372",
      "resolved": "https://registry.npmjs.org/@github/copilot-darwin-x64/-/copilot-darwin-x64-0.0.372.tgz",
      "integrity": "sha512-dow+jJj9tpTqM4N8B+edyuA0Dp9IjLA2mT3TRTLUR5GCumonyAoCYxyWL6wClk8yAkmzE1xEttVhQrVpHq4CSA==",
      "cpu": [
        "x64"
      ],
      "license": "SEE LICENSE IN LICENSE.md",
      "optional": true,
      "os": [
        "darwin"
      ],
      "bin": {
        "copilot-darwin-x64": "copilot"
      }
    },
    "node_modules/@github/copilot-linux-arm64": {
      "version": "0.0.372",
      "resolved": "https://registry.npmjs.org/@github/copilot-linux-arm64/-/copilot-linux-arm64-0.0.372.tgz",
      "integrity": "sha512-4gSqkfobzXUtOJeDkYExD11dHH4kv5HnSElLYuduBM+FgC3uQlC6CfzUAAd0PSqFtVmAAMy+x6VQT3owmQ6eSw==",
      "cpu": [
        "arm64"
      ],
      "license": "SEE LICENSE IN LICENSE.md",
      "optional": true,
      "os": [
        "linux"
      ],
      "bin": {
        "copilot-linux-arm64": "copilot"
      }
    },
    "node_modules/@github/copilot-linux-x64": {
      "version": "0.0.372",
      "resolved": "https://registry.npmjs.org/@github/copilot-linux-x64/-/copilot-linux-x64-0.0.372.tgz",
      "integrity": "sha512-fIVTM0tkzBxy7qk+P8SU/cmOyG+toT51FZbZtZxtIQnoIDrZ07owrhUJZnOahkW09JB756ywcAseeOwNiVtvRA==",
      "cpu": [
        "x64"
      ],
      "license": "SEE LICENSE IN LICENSE.md",
      "optional": true,
      "os": [
        "linux"
      ],
      "bin": {
        "copilot-linux-x64": "copilot"
      }
    },
    "node_modules/@github/copilot-win32-arm64": {
      "version": "0.0.372",
      "resolved": "https://registry.npmjs.org/@github/copilot-win32-arm64/-/copilot-win32-arm64-0.0.372.tgz",
      "integrity": "sha512-kB8DiOe6beWI1QWrFj3KEhqXrlN5T25A2grnyBxegokhk7LdweaDbNWGc8g+0FqoLqW+MsQC5092LOKK1IzZ8w==",
      "cpu": [
        "arm64"
      ],
      "license": "SEE LICENSE IN LICENSE.md",
      "optional": true,
      "os": [
        "win32"
      ],
      "bin": {
        "copilot-win32-arm64": "copilot.exe"
      }
    },
    "node_modules/@github/copilot-win32-x64": {
      "version": "0.0.372",
      "resolved": "https://registry.npmjs.org/@github/copilot-win32-x64/-/copilot-win32-x64-0.0.372.tgz",
      "integrity": "sha512-51HeCrthzCB9hbix/g48gIGE0dQgN+Eq4hzeyb12h2qJIwtlxjkvTpdPRs+0Vy9zRjlQNrHIMMnd8C+azFBfPA==",
      "cpu": [
        "x64"
      ],
      "license": "SEE LICENSE IN LICENSE.md",
      "optional": true,
      "os": [
        "win32"
      ],
      "bin": {
        "copilot-win32-x64": "copilot.exe"
      }
    }
  }
}
