{
  "name": "copilot-cli-flake",
  "version": "1.0.0",
  "lockfileVersion": 3,
  "requires": true,
  "packages": {
    "": {
      "name": "copilot-cli-flake",
      "version": "1.0.0",
      "license": "ISC",
      "dependencies": {
        "@github/copilot": "^1.0.35"
      }
    },
    "node_modules/@github/copilot": {
      "version": "1.0.35",
      "resolved": "https://registry.npmjs.org/@github/copilot/-/copilot-1.0.35.tgz",
      "integrity": "sha512-O1nUy8DXOTE+v86b/FTkyu09EMrDy+vj+2rhmUOcmsXGe0RE5ECyESsasUTUoHK/CSgAExFTziNxbubUoiMMfg==",
      "license": "SEE LICENSE IN LICENSE.md",
      "bin": {
        "copilot": "npm-loader.js"
      },
      "optionalDependencies": {
        "@github/copilot-darwin-arm64": "1.0.35",
        "@github/copilot-darwin-x64": "1.0.35",
        "@github/copilot-linux-arm64": "1.0.35",
        "@github/copilot-linux-x64": "1.0.35",
        "@github/copilot-win32-arm64": "1.0.35",
        "@github/copilot-win32-x64": "1.0.35"
      }
    },
    "node_modules/@github/copilot-darwin-arm64": {
      "version": "1.0.35",
      "resolved": "https://registry.npmjs.org/@github/copilot-darwin-arm64/-/copilot-darwin-arm64-1.0.35.tgz",
      "integrity": "sha512-NNZE0TOz0HOlv7eqlh6EcQbNkhtnIHReBLieW6pfDUUTKkgsqbUu1MOitF8m+LUQk3ml1T0MQ5MOfad1HSa/MQ==",
      "cpu": [
        "arm64"
      ],
      "license": "SEE LICENSE IN LICENSE.md",
      "optional": true,
      "os": [
        "darwin"
      ],
      "bin": {
        "copilot-darwin-arm64": "copilot"
      }
    },
    "node_modules/@github/copilot-darwin-x64": {
      "version": "1.0.35",
      "resolved": "https://registry.npmjs.org/@github/copilot-darwin-x64/-/copilot-darwin-x64-1.0.35.tgz",
      "integrity": "sha512-XCv/mfdv0rnrtrNVOluio/N/kyCge0uG2hghvtlgO/+z6EjvzFygkpXXS1gVxiXhWc3lX232cTXQU3zklC/8Ng==",
      "cpu": [
        "x64"
      ],
      "license": "SEE LICENSE IN LICENSE.md",
      "optional": true,
      "os": [
        "darwin"
      ],
      "bin": {
        "copilot-darwin-x64": "copilot"
      }
    },
    "node_modules/@github/copilot-linux-arm64": {
      "version": "1.0.35",
      "resolved": "https://registry.npmjs.org/@github/copilot-linux-arm64/-/copilot-linux-arm64-1.0.35.tgz",
      "integrity": "sha512-mbaadATfJPzmXq2SD1TWocIG/GobcYC6OvNFhCG8UXMsiXY5cevhszl5ujuayhPJBxS77Yj5uvIFjNQ1Kf5V8Q==",
      "cpu": [
        "arm64"
      ],
      "license": "SEE LICENSE IN LICENSE.md",
      "optional": true,
      "os": [
        "linux"
      ],
      "bin": {
        "copilot-linux-arm64": "copilot"
      }
    },
    "node_modules/@github/copilot-linux-x64": {
      "version": "1.0.35",
      "resolved": "https://registry.npmjs.org/@github/copilot-linux-x64/-/copilot-linux-x64-1.0.35.tgz",
      "integrity": "sha512-NrZ0VjztdBbJ5qAmuUtuKsWkimOaqzjDV+ZGUv1FxSxoys40kiiakQ5WbnMFDzaIFaf47zDi++6ixgQzq7Jk5A==",
      "cpu": [
        "x64"
      ],
      "license": "SEE LICENSE IN LICENSE.md",
      "optional": true,
      "os": [
        "linux"
      ],
      "bin": {
        "copilot-linux-x64": "copilot"
      }
    },
    "node_modules/@github/copilot-win32-arm64": {
      "version": "1.0.35",
      "resolved": "https://registry.npmjs.org/@github/copilot-win32-arm64/-/copilot-win32-arm64-1.0.35.tgz",
      "integrity": "sha512-KQN7Q7+oPyglmvUEiMp6SYWjl30VSu91T0dUpNHbUs/xRM3qgnCymLPPUyBZGWHog/FueUAsRkhisMHWQVnO+g==",
      "cpu": [
        "arm64"
      ],
      "license": "SEE LICENSE IN LICENSE.md",
      "optional": true,
      "os": [
        "win32"
      ],
      "bin": {
        "copilot-win32-arm64": "copilot.exe"
      }
    },
    "node_modules/@github/copilot-win32-x64": {
      "version": "1.0.35",
      "resolved": "https://registry.npmjs.org/@github/copilot-win32-x64/-/copilot-win32-x64-1.0.35.tgz",
      "integrity": "sha512-J0XhXO2FmlFr8pGa970xEd4tr1rqFiZxoaPW5WvkJYZoZUHbBhFcGasp5/yEeJ71b3vI4PHm/mSZZebD3ALMKQ==",
      "cpu": [
        "x64"
      ],
      "license": "SEE LICENSE IN LICENSE.md",
      "optional": true,
      "os": [
        "win32"
      ],
      "bin": {
        "copilot-win32-x64": "copilot.exe"
      }
    }
  }
}
